
Microsoft Visual Studio Solution File, Format Version 9.00
# Visual Studio 2005
Project("{8BC9CEB8-8B4A-11D0-8D11-00A0C91BC942}") = "LiteTs", "litets\LiteTs.vcproj", "{A467AB3E-1BA5-4EFE-81CA-5CDFB482CC0A}"
EndProject
Project("{8BC9CEB8-8B4A-11D0-8D11-00A0C91BC942}") = "demo", "demo\demo.vcproj", "{89FBF729-0258-477B-AE7F-19AA6B942D31}"
	ProjectSection(ProjectDependencies) = postProject
		{A467AB3E-1BA5-4EFE-81CA-5CDFB482CC0A} = {A467AB3E-1BA5-4EFE-81CA-5CDFB482CC0A}
	EndProjectSection
EndProject
Global
	GlobalSection(SolutionConfigurationPlatforms) = preSolution
		Debug|Win32 = Debug|Win32
		Release|Win32 = Release|Win32
	EndGlobalSection
	GlobalSection(ProjectConfigurationPlatforms) = postSolution
		{A467AB3E-1BA5-4EFE-81CA-5CDFB482CC0A}.Debug|Win32.ActiveCfg = Debug|Win32
		{A467AB3E-1BA5-4EFE-81CA-5CDFB482CC0A}.Debug|Win32.Build.0 = Debug|Win32
		{A467AB3E-1BA5-4EFE-81CA-5CDFB482CC0A}.Release|Win32.ActiveCfg = Release|Win32
		{A467AB3E-1BA5-4EFE-81CA-5CDFB482CC0A}.Release|Win32.Build.0 = Release|Win32
		{89FBF729-0258-477B-AE7F-19AA6B942D31}.Debug|Win32.ActiveCfg = Debug|Win32
		{89FBF729-0258-477B-AE7F-19AA6B942D31}.Debug|Win32.Build.0 = Debug|Win32
		{89FBF729-0258-477B-AE7F-19AA6B942D31}.Release|Win32.ActiveCfg = Release|Win32
		{89FBF729-0258-477B-AE7F-19AA6B942D31}.Release|Win32.Build.0 = Release|Win32
	EndGlobalSection
	GlobalSection(SolutionProperties) = preSolution
		HideSolutionNode = FALSE
	EndGlobalSection
EndGlobal
